
Microsoft Visual Studio Solution File, Format Version 12.00
# Visual Studio Version 16
VisualStudioVersion = 16.0.30204.135
MinimumVisualStudioVersion = 10.0.40219.1
Project("{FAE04EC0-301F-11D3-BF4B-00C04F79EFBC}") = "AlgoritmeAvancuaraDetyra1", "AlgoritmeAvancuaraDetyra1\AlgoritmeAvancuaraDetyra1.csproj", "{D40CC8FE-A59C-4AD2-9F94-E5D8D57CB986}"
EndProject
Global
	GlobalSection(SolutionConfigurationPlatforms) = preSolution
		Debug|Any CPU = Debug|Any CPU
		Release|Any CPU = Release|Any CPU
	EndGlobalSection
	GlobalSection(ProjectConfigurationPlatforms) = postSolution
		{D40CC8FE-A59C-4AD2-9F94-E5D8D57CB986}.Debug|Any CPU.ActiveCfg = Debug|Any CPU
		{D40CC8FE-A59C-4AD2-9F94-E5D8D57CB986}.Debug|Any CPU.Build.0 = Debug|Any CPU
		{D40CC8FE-A59C-4AD2-9F94-E5D8D57CB986}.Release|Any CPU.ActiveCfg = Release|Any CPU
		{D40CC8FE-A59C-4AD2-9F94-E5D8D57CB986}.Release|Any CPU.Build.0 = Release|Any CPU
	EndGlobalSection
	GlobalSection(SolutionProperties) = preSolution
		HideSolutionNode = FALSE
	EndGlobalSection
	GlobalSection(ExtensibilityGlobals) = postSolution
		SolutionGuid = {5E1D753E-4C05-4BC2-8BB3-0A4C32C83D8C}
	EndGlobalSection
EndGlobal
